{
    "hash": "e37f12e87dcc8bcded2a0f0239c9c341",
    "packages": [
        {
            "package": "doctrine/common",
            "version": "dev-master",
            "alias-pretty-version": "2.3.x-dev",
            "alias-version": "2.3.9999999.9999999-dev"
        },
        {
            "package": "doctrine/common",
            "version": "dev-master",
            "source-reference": "d2f8a36b8696b446bf25cfe2b0b3aaf03e0835e6",
            "commit-date": "1341088911"
        },
        {
            "package": "doctrine/dbal",
            "version": "dev-master",
            "source-reference": "11a2244daa602a02a99bf0fda06921e116802ccc",
            "commit-date": "1341042163"
        },
        {
            "package": "mageekguy/atoum",
            "version": "dev-master",
            "source-reference": "6a5e58f3c728fe0d6249cbaa8403a37fea940e1a",
            "commit-date": "1341301845"
        },
        {
            "package": "pimple/pimple",
            "version": "dev-master",
            "alias-pretty-version": "1.0.x-dev",
            "alias-version": "1.0.9999999.9999999-dev"
        },
        {
            "package": "pimple/pimple",
            "version": "dev-master",
            "source-reference": "d2cfa2f02f50abef65c238747c753a5f6786f6be",
            "commit-date": "1341139100"
        },
        {
            "package": "silex/silex",
            "version": "dev-master",
            "alias-pretty-version": "1.0.x-dev",
            "alias-version": "1.0.9999999.9999999-dev"
        },
        {
            "package": "silex/silex",
            "version": "dev-master",
            "alias-pretty-version": "1.0.x-dev",
            "alias-version": "1.0.9999999.9999999-dev"
        },
        {
            "package": "silex/silex",
            "version": "dev-master",
            "source-reference": "8cb0ba08839d6ca84fc76936eec1f8ced9a80546",
            "commit-date": "1341302955"
        },
        {
            "package": "swiftmailer/swiftmailer",
            "version": "dev-master",
            "source-reference": "05b497ee28355a33eb521dcaf7526824e0dda3b2",
            "commit-date": "1341154877"
        },
        {
            "package": "symfony/browser-kit",
            "version": "dev-master",
            "source-reference": "v2.1.0-BETA1",
            "commit-date": "1337339299"
        },
        {
            "package": "symfony/class-loader",
            "version": "dev-master",
            "source-reference": "v2.1.0-BETA1",
            "commit-date": "1340113582"
        },
        {
            "package": "symfony/config",
            "version": "dev-master",
            "source-reference": "5b1a7a0a205b2c465a957142b03f1fc3202966e1",
            "commit-date": "1340892719"
        },
        {
            "package": "symfony/console",
            "version": "dev-master",
            "source-reference": "808bf42b4b74c12e6c6a6a9750688035f1c49f9c",
            "commit-date": "1340543161"
        },
        {
            "package": "symfony/css-selector",
            "version": "dev-master",
            "alias-pretty-version": "2.1.x-dev",
            "alias-version": "2.1.9999999.9999999-dev"
        },
        {
            "package": "symfony/css-selector",
            "version": "dev-master",
            "source-reference": "v2.1.0-BETA1",
            "commit-date": "1337530597"
        },
        {
            "package": "symfony/dom-crawler",
            "version": "dev-master",
            "alias-pretty-version": "2.1.x-dev",
            "alias-version": "2.1.9999999.9999999-dev"
        },
        {
            "package": "symfony/dom-crawler",
            "version": "dev-master",
            "source-reference": "v2.1.0-BETA1",
            "commit-date": "1337632035"
        },
        {
            "package": "symfony/event-dispatcher",
            "version": "dev-master",
            "alias-pretty-version": "2.1.x-dev",
            "alias-version": "2.1.9999999.9999999-dev"
        },
        {
            "package": "symfony/event-dispatcher",
            "version": "dev-master",
            "source-reference": "v2.1.0-BETA1",
            "commit-date": "1338018513"
        },
        {
            "package": "symfony/form",
            "version": "dev-master",
            "source-reference": "55d7fe70afe21f7a756efe6d871b1b56c09007ff",
            "commit-date": "1341175087"
        },
        {
            "package": "symfony/http-foundation",
            "version": "dev-master",
            "alias-pretty-version": "2.1.x-dev",
            "alias-version": "2.1.9999999.9999999-dev"
        },
        {
            "package": "symfony/http-foundation",
            "version": "dev-master",
            "source-reference": "f28a2ffa86ca77a83e56778ab290b0cd3005f36f",
            "commit-date": "1341259877"
        },
        {
            "package": "symfony/http-kernel",
            "version": "dev-master",
            "alias-pretty-version": "2.1.x-dev",
            "alias-version": "2.1.9999999.9999999-dev"
        },
        {
            "package": "symfony/http-kernel",
            "version": "dev-master",
            "alias-pretty-version": "2.1.x-dev",
            "alias-version": "2.1.9999999.9999999-dev"
        },
        {
            "package": "symfony/http-kernel",
            "version": "dev-master",
            "source-reference": "11edf19e52544350f57ebff42f297be026bde512",
            "commit-date": "1341304110"
        },
        {
            "package": "symfony/locale",
            "version": "dev-master",
            "alias-pretty-version": "2.1.x-dev",
            "alias-version": "2.1.9999999.9999999-dev"
        },
        {
            "package": "symfony/locale",
            "version": "dev-master",
            "source-reference": "3e6e0c21835c958a131c4455bcad207a1faefcad",
            "commit-date": "1340985661"
        },
        {
            "package": "symfony/options-resolver",
            "version": "dev-master",
            "alias-pretty-version": "2.1.x-dev",
            "alias-version": "2.1.9999999.9999999-dev"
        },
        {
            "package": "symfony/options-resolver",
            "version": "dev-master",
            "source-reference": "915b39d1e0ad1c1f2526b93a16a10e5e504aefad",
            "commit-date": "1339503799"
        },
        {
            "package": "symfony/routing",
            "version": "dev-master",
            "alias-pretty-version": "2.1.x-dev",
            "alias-version": "2.1.9999999.9999999-dev"
        },
        {
            "package": "symfony/routing",
            "version": "dev-master",
            "alias-pretty-version": "2.1.x-dev",
            "alias-version": "2.1.9999999.9999999-dev"
        },
        {
            "package": "symfony/routing",
            "version": "dev-master",
            "source-reference": "622a168a3be54a87e34ad65e9d50a738fb89ff7e",
            "commit-date": "1341312726"
        },
        {
            "package": "symfony/translation",
            "version": "dev-master",
            "source-reference": "v2.1.0-BETA1",
            "commit-date": "1337632035"
        },
        {
            "package": "symfony/twig-bridge",
            "version": "dev-master",
            "source-reference": "2a577b6cf0fe32f383acf4a972c1d5d8f48ae1e2",
            "commit-date": "1340549862"
        },
        {
            "package": "symfony/validator",
            "version": "dev-master",
            "source-reference": "71ab5eaf2da8db90afdfc906945c0f26e13bf1d5",
            "commit-date": "1341219258"
        },
        {
            "package": "twig/extensions",
            "version": "dev-master",
            "source-reference": "feb6d3f10c411e2631997c0a905aa581c80305c1",
            "commit-date": "1337599699"
        },
        {
            "package": "twig/twig",
            "version": "dev-master",
            "alias-pretty-version": "1.8.x-dev",
            "alias-version": "1.8.9999999.9999999-dev"
        },
        {
            "package": "twig/twig",
            "version": "dev-master",
            "source-reference": "73da773aaad0f97f2e967ec8241b8adf7b1e03d2",
            "commit-date": "1340890758"
        }
    ],
    "packages-dev": null,
    "aliases": [

    ],
    "minimum-stability": "dev",
    "stability-flags": {
        "doctrine/dbal": 20,
        "twig/twig": 20,
        "twig/extensions": 20,
        "symfony/class-loader": 20,
        "symfony/form": 20,
        "symfony/validator": 20,
        "symfony/translation": 20,
        "symfony/config": 20,
        "symfony/browser-kit": 20,
        "symfony/console": 20,
        "symfony/css-selector": 20,
        "symfony/twig-bridge": 20,
        "swiftmailer/swiftmailer": 20,
        "mageekguy/atoum": 20
    }
}
